
Microsoft Visual Studio Solution File, Format Version 12.00
# Visual Studio Version 17
VisualStudioVersion = 17.0.31903.59
MinimumVisualStudioVersion = 10.0.40219.1
Project("{2150E333-8FDC-42A3-9474-1A3956D46DE8}") = "src", "src", "{827E0CD3-B72D-47B6-A68D-7590B98EB39B}"
EndProject
Project("{FAE04EC0-301F-11D3-BF4B-00C04F79EFBC}") = "Wock", "src\Wock\Wock.csproj", "{EC988B97-3FA5-4E45-B744-BE04DB5A0393}"
EndProject
Project("{2150E333-8FDC-42A3-9474-1A3956D46DE8}") = "tests", "tests", "{0AB3BF05-4346-4AA6-1389-037BE0695223}"
EndProject
Project("{FAE04EC0-301F-11D3-BF4B-00C04F79EFBC}") = "Wock.Tests", "tests\Wock.Tests\Wock.Tests.csproj", "{DC324A4A-D19E-4FBC-9BCE-B42C9A0238EA}"
EndProject
Project("{FAE04EC0-301F-11D3-BF4B-00C04F79EFBC}") = "Wock.Abstractions", "src\Wock.Abstractions\Wock.Abstractions.csproj", "{3FC3EB74-551A-49C7-B9C8-38EE822C1955}"
EndProject
Project("{FAE04EC0-301F-11D3-BF4B-00C04F79EFBC}") = "Wock.Domain", "src\Wock.Domain\Wock.Domain.csproj", "{03C6FA04-0F6A-441F-BAA3-C4EF19439E9F}"
EndProject
Project("{FAE04EC0-301F-11D3-BF4B-00C04F79EFBC}") = "Wock.Application", "src\Wock.Application\Wock.Application.csproj", "{EA5D7355-7697-41A5-9B4A-809F36396FB2}"
EndProject
Project("{FAE04EC0-301F-11D3-BF4B-00C04F79EFBC}") = "Wock.Infrastructure", "src\Wock.Infrastructure\Wock.Infrastructure.csproj", "{091222B2-114A-4BE5-9C85-B4CD2808FF13}"
EndProject
Project("{FAE04EC0-301F-11D3-BF4B-00C04F79EFBC}") = "Wock.Migrations.Sqlite", "src\Wock.Migrations.Sqlite\Wock.Migrations.Sqlite.csproj", "{C837954B-EF67-4035-8763-9E8B9E97D3AF}"
EndProject
Project("{FAE04EC0-301F-11D3-BF4B-00C04F79EFBC}") = "Wock.Migrations.SqlServer", "src\Wock.Migrations.SqlServer\Wock.Migrations.SqlServer.csproj", "{662BFB09-97EF-48DB-96D9-590E3DB98595}"
EndProject
Project("{FAE04EC0-301F-11D3-BF4B-00C04F79EFBC}") = "Wock.Migrations.Postgres", "src\Wock.Migrations.Postgres\Wock.Migrations.Postgres.csproj", "{EEDA5172-4C12-40EB-A164-1215677A4A94}"
EndProject
Global
	GlobalSection(SolutionConfigurationPlatforms) = preSolution
		Debug|Any CPU = Debug|Any CPU
		Debug|x64 = Debug|x64
		Debug|x86 = Debug|x86
		Release|Any CPU = Release|Any CPU
		Release|x64 = Release|x64
		Release|x86 = Release|x86
	EndGlobalSection
	GlobalSection(ProjectConfigurationPlatforms) = postSolution
		{EC988B97-3FA5-4E45-B744-BE04DB5A0393}.Debug|Any CPU.ActiveCfg = Debug|Any CPU
		{EC988B97-3FA5-4E45-B744-BE04DB5A0393}.Debug|Any CPU.Build.0 = Debug|Any CPU
		{EC988B97-3FA5-4E45-B744-BE04DB5A0393}.Debug|x64.ActiveCfg = Debug|Any CPU
		{EC988B97-3FA5-4E45-B744-BE04DB5A0393}.Debug|x64.Build.0 = Debug|Any CPU
		{EC988B97-3FA5-4E45-B744-BE04DB5A0393}.Debug|x86.ActiveCfg = Debug|Any CPU
		{EC988B97-3FA5-4E45-B744-BE04DB5A0393}.Debug|x86.Build.0 = Debug|Any CPU
		{EC988B97-3FA5-4E45-B744-BE04DB5A0393}.Release|Any CPU.ActiveCfg = Release|Any CPU
		{EC988B97-3FA5-4E45-B744-BE04DB5A0393}.Release|Any CPU.Build.0 = Release|Any CPU
		{EC988B97-3FA5-4E45-B744-BE04DB5A0393}.Release|x64.ActiveCfg = Release|Any CPU
		{EC988B97-3FA5-4E45-B744-BE04DB5A0393}.Release|x64.Build.0 = Release|Any CPU
		{EC988B97-3FA5-4E45-B744-BE04DB5A0393}.Release|x86.ActiveCfg = Release|Any CPU
		{EC988B97-3FA5-4E45-B744-BE04DB5A0393}.Release|x86.Build.0 = Release|Any CPU
		{DC324A4A-D19E-4FBC-9BCE-B42C9A0238EA}.Debug|Any CPU.ActiveCfg = Debug|Any CPU
		{DC324A4A-D19E-4FBC-9BCE-B42C9A0238EA}.Debug|Any CPU.Build.0 = Debug|Any CPU
		{DC324A4A-D19E-4FBC-9BCE-B42C9A0238EA}.Debug|x64.ActiveCfg = Debug|Any CPU
		{DC324A4A-D19E-4FBC-9BCE-B42C9A0238EA}.Debug|x64.Build.0 = Debug|Any CPU
		{DC324A4A-D19E-4FBC-9BCE-B42C9A0238EA}.Debug|x86.ActiveCfg = Debug|Any CPU
		{DC324A4A-D19E-4FBC-9BCE-B42C9A0238EA}.Debug|x86.Build.0 = Debug|Any CPU
		{DC324A4A-D19E-4FBC-9BCE-B42C9A0238EA}.Release|Any CPU.ActiveCfg = Release|Any CPU
		{DC324A4A-D19E-4FBC-9BCE-B42C9A0238EA}.Release|Any CPU.Build.0 = Release|Any CPU
		{DC324A4A-D19E-4FBC-9BCE-B42C9A0238EA}.Release|x64.ActiveCfg = Release|Any CPU
		{DC324A4A-D19E-4FBC-9BCE-B42C9A0238EA}.Release|x64.Build.0 = Release|Any CPU
		{DC324A4A-D19E-4FBC-9BCE-B42C9A0238EA}.Release|x86.ActiveCfg = Release|Any CPU
		{DC324A4A-D19E-4FBC-9BCE-B42C9A0238EA}.Release|x86.Build.0 = Release|Any CPU
		{3FC3EB74-551A-49C7-B9C8-38EE822C1955}.Debug|Any CPU.ActiveCfg = Debug|Any CPU
		{3FC3EB74-551A-49C7-B9C8-38EE822C1955}.Debug|Any CPU.Build.0 = Debug|Any CPU
		{3FC3EB74-551A-49C7-B9C8-38EE822C1955}.Debug|x64.ActiveCfg = Debug|Any CPU
		{3FC3EB74-551A-49C7-B9C8-38EE822C1955}.Debug|x64.Build.0 = Debug|Any CPU
		{3FC3EB74-551A-49C7-B9C8-38EE822C1955}.Debug|x86.ActiveCfg = Debug|Any CPU
		{3FC3EB74-551A-49C7-B9C8-38EE822C1955}.Debug|x86.Build.0 = Debug|Any CPU
		{3FC3EB74-551A-49C7-B9C8-38EE822C1955}.Release|Any CPU.ActiveCfg = Release|Any CPU
		{3FC3EB74-551A-49C7-B9C8-38EE822C1955}.Release|Any CPU.Build.0 = Release|Any CPU
		{3FC3EB74-551A-49C7-B9C8-38EE822C1955}.Release|x64.ActiveCfg = Release|Any CPU
		{3FC3EB74-551A-49C7-B9C8-38EE822C1955}.Release|x64.Build.0 = Release|Any CPU
		{3FC3EB74-551A-49C7-B9C8-38EE822C1955}.Release|x86.ActiveCfg = Release|Any CPU
		{3FC3EB74-551A-49C7-B9C8-38EE822C1955}.Release|x86.Build.0 = Release|Any CPU
		{03C6FA04-0F6A-441F-BAA3-C4EF19439E9F}.Debug|Any CPU.ActiveCfg = Debug|Any CPU
		{03C6FA04-0F6A-441F-BAA3-C4EF19439E9F}.Debug|Any CPU.Build.0 = Debug|Any CPU
		{03C6FA04-0F6A-441F-BAA3-C4EF19439E9F}.Debug|x64.ActiveCfg = Debug|Any CPU
		{03C6FA04-0F6A-441F-BAA3-C4EF19439E9F}.Debug|x64.Build.0 = Debug|Any CPU
		{03C6FA04-0F6A-441F-BAA3-C4EF19439E9F}.Debug|x86.ActiveCfg = Debug|Any CPU
		{03C6FA04-0F6A-441F-BAA3-C4EF19439E9F}.Debug|x86.Build.0 = Debug|Any CPU
		{03C6FA04-0F6A-441F-BAA3-C4EF19439E9F}.Release|Any CPU.ActiveCfg = Release|Any CPU
		{03C6FA04-0F6A-441F-BAA3-C4EF19439E9F}.Release|Any CPU.Build.0 = Release|Any CPU
		{03C6FA04-0F6A-441F-BAA3-C4EF19439E9F}.Release|x64.ActiveCfg = Release|Any CPU
		{03C6FA04-0F6A-441F-BAA3-C4EF19439E9F}.Release|x64.Build.0 = Release|Any CPU
		{03C6FA04-0F6A-441F-BAA3-C4EF19439E9F}.Release|x86.ActiveCfg = Release|Any CPU
		{03C6FA04-0F6A-441F-BAA3-C4EF19439E9F}.Release|x86.Build.0 = Release|Any CPU
		{EA5D7355-7697-41A5-9B4A-809F36396FB2}.Debug|Any CPU.ActiveCfg = Debug|Any CPU
		{EA5D7355-7697-41A5-9B4A-809F36396FB2}.Debug|Any CPU.Build.0 = Debug|Any CPU
		{EA5D7355-7697-41A5-9B4A-809F36396FB2}.Debug|x64.ActiveCfg = Debug|Any CPU
		{EA5D7355-7697-41A5-9B4A-809F36396FB2}.Debug|x64.Build.0 = Debug|Any CPU
		{EA5D7355-7697-41A5-9B4A-809F36396FB2}.Debug|x86.ActiveCfg = Debug|Any CPU
		{EA5D7355-7697-41A5-9B4A-809F36396FB2}.Debug|x86.Build.0 = Debug|Any CPU
		{EA5D7355-7697-41A5-9B4A-809F36396FB2}.Release|Any CPU.ActiveCfg = Release|Any CPU
		{EA5D7355-7697-41A5-9B4A-809F36396FB2}.Release|Any CPU.Build.0 = Release|Any CPU
		{EA5D7355-7697-41A5-9B4A-809F36396FB2}.Release|x64.ActiveCfg = Release|Any CPU
		{EA5D7355-7697-41A5-9B4A-809F36396FB2}.Release|x64.Build.0 = Release|Any CPU
		{EA5D7355-7697-41A5-9B4A-809F36396FB2}.Release|x86.ActiveCfg = Release|Any CPU
		{EA5D7355-7697-41A5-9B4A-809F36396FB2}.Release|x86.Build.0 = Release|Any CPU
		{091222B2-114A-4BE5-9C85-B4CD2808FF13}.Debug|Any CPU.ActiveCfg = Debug|Any CPU
		{091222B2-114A-4BE5-9C85-B4CD2808FF13}.Debug|Any CPU.Build.0 = Debug|Any CPU
		{091222B2-114A-4BE5-9C85-B4CD2808FF13}.Debug|x64.ActiveCfg = Debug|Any CPU
		{091222B2-114A-4BE5-9C85-B4CD2808FF13}.Debug|x64.Build.0 = Debug|Any CPU
		{091222B2-114A-4BE5-9C85-B4CD2808FF13}.Debug|x86.ActiveCfg = Debug|Any CPU
		{091222B2-114A-4BE5-9C85-B4CD2808FF13}.Debug|x86.Build.0 = Debug|Any CPU
		{091222B2-114A-4BE5-9C85-B4CD2808FF13}.Release|Any CPU.ActiveCfg = Release|Any CPU
		{091222B2-114A-4BE5-9C85-B4CD2808FF13}.Release|Any CPU.Build.0 = Release|Any CPU
		{091222B2-114A-4BE5-9C85-B4CD2808FF13}.Release|x64.ActiveCfg = Release|Any CPU
		{091222B2-114A-4BE5-9C85-B4CD2808FF13}.Release|x64.Build.0 = Release|Any CPU
		{091222B2-114A-4BE5-9C85-B4CD2808FF13}.Release|x86.ActiveCfg = Release|Any CPU
		{091222B2-114A-4BE5-9C85-B4CD2808FF13}.Release|x86.Build.0 = Release|Any CPU
		{C837954B-EF67-4035-8763-9E8B9E97D3AF}.Debug|Any CPU.ActiveCfg = Debug|Any CPU
		{C837954B-EF67-4035-8763-9E8B9E97D3AF}.Debug|Any CPU.Build.0 = Debug|Any CPU
		{C837954B-EF67-4035-8763-9E8B9E97D3AF}.Debug|x64.ActiveCfg = Debug|Any CPU
		{C837954B-EF67-4035-8763-9E8B9E97D3AF}.Debug|x64.Build.0 = Debug|Any CPU
		{C837954B-EF67-4035-8763-9E8B9E97D3AF}.Debug|x86.ActiveCfg = Debug|Any CPU
		{C837954B-EF67-4035-8763-9E8B9E97D3AF}.Debug|x86.Build.0 = Debug|Any CPU
		{C837954B-EF67-4035-8763-9E8B9E97D3AF}.Release|Any CPU.ActiveCfg = Release|Any CPU
		{C837954B-EF67-4035-8763-9E8B9E97D3AF}.Release|Any CPU.Build.0 = Release|Any CPU
		{C837954B-EF67-4035-8763-9E8B9E97D3AF}.Release|x64.ActiveCfg = Release|Any CPU
		{C837954B-EF67-4035-8763-9E8B9E97D3AF}.Release|x64.Build.0 = Release|Any CPU
		{C837954B-EF67-4035-8763-9E8B9E97D3AF}.Release|x86.ActiveCfg = Release|Any CPU
		{C837954B-EF67-4035-8763-9E8B9E97D3AF}.Release|x86.Build.0 = Release|Any CPU
		{662BFB09-97EF-48DB-96D9-590E3DB98595}.Debug|Any CPU.ActiveCfg = Debug|Any CPU
		{662BFB09-97EF-48DB-96D9-590E3DB98595}.Debug|Any CPU.Build.0 = Debug|Any CPU
		{662BFB09-97EF-48DB-96D9-590E3DB98595}.Debug|x64.ActiveCfg = Debug|Any CPU
		{662BFB09-97EF-48DB-96D9-590E3DB98595}.Debug|x64.Build.0 = Debug|Any CPU
		{662BFB09-97EF-48DB-96D9-590E3DB98595}.Debug|x86.ActiveCfg = Debug|Any CPU
		{662BFB09-97EF-48DB-96D9-590E3DB98595}.Debug|x86.Build.0 = Debug|Any CPU
		{662BFB09-97EF-48DB-96D9-590E3DB98595}.Release|Any CPU.ActiveCfg = Release|Any CPU
		{662BFB09-97EF-48DB-96D9-590E3DB98595}.Release|Any CPU.Build.0 = Release|Any CPU
		{662BFB09-97EF-48DB-96D9-590E3DB98595}.Release|x64.ActiveCfg = Release|Any CPU
		{662BFB09-97EF-48DB-96D9-590E3DB98595}.Release|x64.Build.0 = Release|Any CPU
		{662BFB09-97EF-48DB-96D9-590E3DB98595}.Release|x86.ActiveCfg = Release|Any CPU
		{662BFB09-97EF-48DB-96D9-590E3DB98595}.Release|x86.Build.0 = Release|Any CPU
		{EEDA5172-4C12-40EB-A164-1215677A4A94}.Debug|Any CPU.ActiveCfg = Debug|Any CPU
		{EEDA5172-4C12-40EB-A164-1215677A4A94}.Debug|Any CPU.Build.0 = Debug|Any CPU
		{EEDA5172-4C12-40EB-A164-1215677A4A94}.Debug|x64.ActiveCfg = Debug|Any CPU
		{EEDA5172-4C12-40EB-A164-1215677A4A94}.Debug|x64.Build.0 = Debug|Any CPU
		{EEDA5172-4C12-40EB-A164-1215677A4A94}.Debug|x86.ActiveCfg = Debug|Any CPU
		{EEDA5172-4C12-40EB-A164-1215677A4A94}.Debug|x86.Build.0 = Debug|Any CPU
		{EEDA5172-4C12-40EB-A164-1215677A4A94}.Release|Any CPU.ActiveCfg = Release|Any CPU
		{EEDA5172-4C12-40EB-A164-1215677A4A94}.Release|Any CPU.Build.0 = Release|Any CPU
		{EEDA5172-4C12-40EB-A164-1215677A4A94}.Release|x64.ActiveCfg = Release|Any CPU
		{EEDA5172-4C12-40EB-A164-1215677A4A94}.Release|x64.Build.0 = Release|Any CPU
		{EEDA5172-4C12-40EB-A164-1215677A4A94}.Release|x86.ActiveCfg = Release|Any CPU
		{EEDA5172-4C12-40EB-A164-1215677A4A94}.Release|x86.Build.0 = Release|Any CPU
	EndGlobalSection
	GlobalSection(SolutionProperties) = preSolution
		HideSolutionNode = FALSE
	EndGlobalSection
	GlobalSection(NestedProjects) = preSolution
		{EC988B97-3FA5-4E45-B744-BE04DB5A0393} = {827E0CD3-B72D-47B6-A68D-7590B98EB39B}
		{DC324A4A-D19E-4FBC-9BCE-B42C9A0238EA} = {0AB3BF05-4346-4AA6-1389-037BE0695223}
		{3FC3EB74-551A-49C7-B9C8-38EE822C1955} = {827E0CD3-B72D-47B6-A68D-7590B98EB39B}
		{03C6FA04-0F6A-441F-BAA3-C4EF19439E9F} = {827E0CD3-B72D-47B6-A68D-7590B98EB39B}
		{EA5D7355-7697-41A5-9B4A-809F36396FB2} = {827E0CD3-B72D-47B6-A68D-7590B98EB39B}
		{091222B2-114A-4BE5-9C85-B4CD2808FF13} = {827E0CD3-B72D-47B6-A68D-7590B98EB39B}
		{C837954B-EF67-4035-8763-9E8B9E97D3AF} = {827E0CD3-B72D-47B6-A68D-7590B98EB39B}
		{662BFB09-97EF-48DB-96D9-590E3DB98595} = {827E0CD3-B72D-47B6-A68D-7590B98EB39B}
		{EEDA5172-4C12-40EB-A164-1215677A4A94} = {827E0CD3-B72D-47B6-A68D-7590B98EB39B}
	EndGlobalSection
EndGlobal
